
Microsoft Visual Studio Solution File, Format Version 10.00
# Visual Studio 2008
Project("{8BC9CEB8-8B4A-11D0-8D11-00A0C91BC942}") = "FIND_MAXIMUM_SUNARRAY", "FIND_MAXIMUM_SUNARRAY\FIND_MAXIMUM_SUNARRAY.vcproj", "{DAA12679-F2ED-4E79-A716-7BBE58038A0A}"
EndProject
Global
	GlobalSection(SolutionConfigurationPlatforms) = preSolution
		Debug|Win32 = Debug|Win32
		Release|Win32 = Release|Win32
	EndGlobalSection
	GlobalSection(ProjectConfigurationPlatforms) = postSolution
		{DAA12679-F2ED-4E79-A716-7BBE58038A0A}.Debug|Win32.ActiveCfg = Debug|Win32
		{DAA12679-F2ED-4E79-A716-7BBE58038A0A}.Debug|Win32.Build.0 = Debug|Win32
		{DAA12679-F2ED-4E79-A716-7BBE58038A0A}.Release|Win32.ActiveCfg = Release|Win32
		{DAA12679-F2ED-4E79-A716-7BBE58038A0A}.Release|Win32.Build.0 = Release|Win32
	EndGlobalSection
	GlobalSection(SolutionProperties) = preSolution
		HideSolutionNode = FALSE
	EndGlobalSection
EndGlobal
